
Microsoft Visual Studio Solution File, Format Version 12.00
# Visual Studio 15
VisualStudioVersion = 15.0.26403.7
MinimumVisualStudioVersion = 10.0.40219.1
Project("{FAE04EC0-301F-11D3-BF4B-00C04F79EFBC}") = "CiCdDemo.Web", "CiCdDemo.Web\CiCdDemo.Web.csproj", "{A8E8F280-2B49-48A9-B114-1D84004F6D3F}"
EndProject
Project("{FAE04EC0-301F-11D3-BF4B-00C04F79EFBC}") = "CiCdDemo.Web.Tests", "CiCdDemo.Web.Tests\CiCdDemo.Web.Tests.csproj", "{5D5EB3BF-B231-458B-91C7-121176D40B7A}"
EndProject
Global
	GlobalSection(SolutionConfigurationPlatforms) = preSolution
		Debug|Any CPU = Debug|Any CPU
		Release|Any CPU = Release|Any CPU
	EndGlobalSection
	GlobalSection(ProjectConfigurationPlatforms) = postSolution
		{A8E8F280-2B49-48A9-B114-1D84004F6D3F}.Debug|Any CPU.ActiveCfg = Debug|Any CPU
		{A8E8F280-2B49-48A9-B114-1D84004F6D3F}.Debug|Any CPU.Build.0 = Debug|Any CPU
		{A8E8F280-2B49-48A9-B114-1D84004F6D3F}.Release|Any CPU.ActiveCfg = Release|Any CPU
		{A8E8F280-2B49-48A9-B114-1D84004F6D3F}.Release|Any CPU.Build.0 = Release|Any CPU
		{5D5EB3BF-B231-458B-91C7-121176D40B7A}.Debug|Any CPU.ActiveCfg = Debug|Any CPU
		{5D5EB3BF-B231-458B-91C7-121176D40B7A}.Debug|Any CPU.Build.0 = Debug|Any CPU
		{5D5EB3BF-B231-458B-91C7-121176D40B7A}.Release|Any CPU.ActiveCfg = Release|Any CPU
		{5D5EB3BF-B231-458B-91C7-121176D40B7A}.Release|Any CPU.Build.0 = Release|Any CPU
	EndGlobalSection
	GlobalSection(SolutionProperties) = preSolution
		HideSolutionNode = FALSE
	EndGlobalSection
EndGlobal
